{
  "name": "bereguray",
  "version": "0.1.0",
  "lockfileVersion": 1,
  "requires": true,
  "dependencies": {
    "@babel/runtime": {
      "version": "7.7.2",
      "resolved": "https://registry.npmjs.org/@babel/runtime/-/runtime-7.7.2.tgz",
      "integrity": "sha512-JONRbXbTXc9WQE2mAZd1p0Z3DZ/6vaQIkgYMSTP3KjRCyd7rCZCcfhCyX+YjwcKxcZ82UrxbRD358bpExNgrjw==",
      "requires": {
        "regenerator-runtime": "^0.13.2"
      }
    },
    "@next/env": {
      "version": "13.5.4",
      "resolved": "https://registry.npmjs.org/@next/env/-/env-13.5.4.tgz",
      "integrity": "sha512-LGegJkMvRNw90WWphGJ3RMHMVplYcOfRWf2Be3td3sUa+1AaxmsYyANsA+znrGCBjXJNi4XAQlSoEfUxs/4kIQ=="
    },
    "@next/swc-darwin-arm64": {
      "version": "13.5.4",
      "resolved": "https://registry.npmjs.org/@next/swc-darwin-arm64/-/swc-darwin-arm64-13.5.4.tgz",
      "integrity": "sha512-Df8SHuXgF1p+aonBMcDPEsaahNo2TCwuie7VXED4FVyECvdXfRT9unapm54NssV9tF3OQFKBFOdlje4T43VO0w==",
      "optional": true
    },
    "@next/swc-darwin-x64": {
      "version": "13.5.4",
      "resolved": "https://registry.npmjs.org/@next/swc-darwin-x64/-/swc-darwin-x64-13.5.4.tgz",
      "integrity": "sha512-siPuUwO45PnNRMeZnSa8n/Lye5ZX93IJom9wQRB5DEOdFrw0JjOMu1GINB8jAEdwa7Vdyn1oJ2xGNaQpdQQ9Pw==",
      "optional": true
    },
    "@next/swc-linux-arm64-gnu": {
      "version": "13.5.4",
      "resolved": "https://registry.npmjs.org/@next/swc-linux-arm64-gnu/-/swc-linux-arm64-gnu-13.5.4.tgz",
      "integrity": "sha512-l/k/fvRP/zmB2jkFMfefmFkyZbDkYW0mRM/LB+tH5u9pB98WsHXC0WvDHlGCYp3CH/jlkJPL7gN8nkTQVrQ/2w==",
      "optional": true
    },
    "@next/swc-linux-arm64-musl": {
      "version": "13.5.4",
      "resolved": "https://registry.npmjs.org/@next/swc-linux-arm64-musl/-/swc-linux-arm64-musl-13.5.4.tgz",
      "integrity": "sha512-YYGb7SlLkI+XqfQa8VPErljb7k9nUnhhRrVaOdfJNCaQnHBcvbT7cx/UjDQLdleJcfyg1Hkn5YSSIeVfjgmkTg==",
      "optional": true
    },
    "@next/swc-linux-x64-gnu": {
      "version": "13.5.4",
      "resolved": "https://registry.npmjs.org/@next/swc-linux-x64-gnu/-/swc-linux-x64-gnu-13.5.4.tgz",
      "integrity": "sha512-uE61vyUSClnCH18YHjA8tE1prr/PBFlBFhxBZis4XBRJoR+txAky5d7gGNUIbQ8sZZ7LVkSVgm/5Fc7mwXmRAg==",
      "optional": true
    },
    "@next/swc-linux-x64-musl": {
      "version": "13.5.4",
      "resolved": "https://registry.npmjs.org/@next/swc-linux-x64-musl/-/swc-linux-x64-musl-13.5.4.tgz",
      "integrity": "sha512-qVEKFYML/GvJSy9CfYqAdUexA6M5AklYcQCW+8JECmkQHGoPxCf04iMh7CPR7wkHyWWK+XLt4Ja7hhsPJtSnhg==",
      "optional": true
    },
    "@next/swc-win32-arm64-msvc": {
      "version": "13.5.4",
      "resolved": "https://registry.npmjs.org/@next/swc-win32-arm64-msvc/-/swc-win32-arm64-msvc-13.5.4.tgz",
      "integrity": "sha512-mDSQfqxAlfpeZOLPxLymZkX0hYF3juN57W6vFHTvwKlnHfmh12Pt7hPIRLYIShk8uYRsKPtMTth/EzpwRI+u8w==",
      "optional": true
    },
    "@next/swc-win32-ia32-msvc": {
      "version": "13.5.4",
      "resolved": "https://registry.npmjs.org/@next/swc-win32-ia32-msvc/-/swc-win32-ia32-msvc-13.5.4.tgz",
      "integrity": "sha512-aoqAT2XIekIWoriwzOmGFAvTtVY5O7JjV21giozBTP5c6uZhpvTWRbmHXbmsjZqY4HnEZQRXWkSAppsIBweKqw==",
      "optional": true
    },
    "@next/swc-win32-x64-msvc": {
      "version": "13.5.4",
      "resolved": "https://registry.npmjs.org/@next/swc-win32-x64-msvc/-/swc-win32-x64-msvc-13.5.4.tgz",
      "integrity": "sha512-cyRvlAxwlddlqeB9xtPSfNSCRy8BOa4wtMo0IuI9P7Y0XT2qpDrpFKRyZ7kUngZis59mPVla5k8X1oOJ8RxDYg==",
      "optional": true
    },
    "@swc/helpers": {
      "version": "0.5.2",
      "resolved": "https://registry.npmjs.org/@swc/helpers/-/helpers-0.5.2.tgz",
      "integrity": "sha512-E4KcWTpoLHqwPHLxidpOqQbcrZVgi0rsmmZXUle1jXmJfuIf/UWpczUJ7MZZ5tlxytgJXyp0w4PGkkeLiuIdZw==",
      "requires": {
        "tslib": "^2.4.0"
      },
      "dependencies": {
        "tslib": {
          "version": "2.6.2",
          "resolved": "https://registry.npmjs.org/tslib/-/tslib-2.6.2.tgz",
          "integrity": "sha512-AEYxH93jGFPn/a2iVAwW87VuUIkR1FVUKB77NwMF7nBTDkDrrT/Hpt/IrCJ0QXhW27jTBDcf5ZY7w6RiqTMw2Q=="
        }
      }
    },
    "@types/classnames": {
      "version": "2.2.10",
      "resolved": "https://registry.npmjs.org/@types/classnames/-/classnames-2.2.10.tgz",
      "integrity": "sha512-1UzDldn9GfYYEsWWnn/P4wkTlkZDH7lDb0wBMGbtIQc9zXEQq7FlKBdZUn6OBqD8sKZZ2RQO2mAjGpXiDGoRmQ==",
      "dev": true
    },
    "@types/d3-color": {
      "version": "1.2.2",
      "resolved": "https://registry.npmjs.org/@types/d3-color/-/d3-color-1.2.2.tgz",
      "integrity": "sha512-6pBxzJ8ZP3dYEQ4YjQ+NVbQaOflfgXq/JbDiS99oLobM2o72uAST4q6yPxHv6FOTCRC/n35ktuo8pvw/S4M7sw=="
    },
    "@types/d3-interpolate": {
      "version": "1.3.1",
      "resolved": "https://registry.npmjs.org/@types/d3-interpolate/-/d3-interpolate-1.3.1.tgz",
      "integrity": "sha512-z8Zmi08XVwe8e62vP6wcA+CNuRhpuUU5XPEfqpG0hRypDE5BWNthQHB1UNWWDB7ojCbGaN4qBdsWp5kWxhT1IQ==",
      "requires": {
        "@types/d3-color": "*"
      }
    },
    "@types/d3-path": {
      "version": "1.0.8",
      "resolved": "https://registry.npmjs.org/@types/d3-path/-/d3-path-1.0.8.tgz",
      "integrity": "sha512-AZGHWslq/oApTAHu9+yH/Bnk63y9oFOMROtqPAtxl5uB6qm1x2lueWdVEjsjjV3Qc2+QfuzKIwIR5MvVBakfzA=="
    },
    "@types/d3-selection": {
      "version": "1.4.1",
      "resolved": "https://registry.npmjs.org/@types/d3-selection/-/d3-selection-1.4.1.tgz",
      "integrity": "sha512-bv8IfFYo/xG6dxri9OwDnK3yCagYPeRIjTlrcdYJSx+FDWlCeBDepIHUpqROmhPtZ53jyna0aUajZRk0I3rXNA=="
    },
    "@types/d3-shape": {
      "version": "1.3.2",
      "resolved": "https://registry.npmjs.org/@types/d3-shape/-/d3-shape-1.3.2.tgz",
      "integrity": "sha512-LtD8EaNYCaBRzHzaAiIPrfcL3DdIysc81dkGlQvv7WQP3+YXV7b0JJTtR1U3bzeRieS603KF4wUo+ZkJVenh8w==",
      "requires": {
        "@types/d3-path": "*"
      }
    },
    "@types/js-cookie": {
      "version": "2.2.6",
      "resolved": "https://registry.npmjs.org/@types/js-cookie/-/js-cookie-2.2.6.tgz",
      "integrity": "sha512-+oY0FDTO2GYKEV0YPvSshGq9t7YozVkgvXLty7zogQNuCxBhT9/3INX9Q7H1aRZ4SUDRXAKlJuA4EA5nTt7SNw=="
    },
    "@types/node": {
      "version": "13.11.0",
      "resolved": "https://registry.npmjs.org/@types/node/-/node-13.11.0.tgz",
      "integrity": "sha512-uM4mnmsIIPK/yeO+42F2RQhGUIs39K2RFmugcJANppXe6J1nvH87PvzPZYpza7Xhhs8Yn9yIAVdLZ84z61+0xQ==",
      "dev": true
    },
    "@types/prop-types": {
      "version": "15.7.3",
      "resolved": "https://registry.npmjs.org/@types/prop-types/-/prop-types-15.7.3.tgz",
      "integrity": "sha512-KfRL3PuHmqQLOG+2tGpRO26Ctg+Cq1E01D2DMriKEATHgWLfeNDmq9e29Q9WIky0dQ3NPkd1mzYH8Lm936Z9qw=="
    },
    "@types/react": {
      "version": "16.9.32",
      "resolved": "https://registry.npmjs.org/@types/react/-/react-16.9.32.tgz",
      "integrity": "sha512-fmejdp0CTH00mOJmxUPPbWCEBWPvRIL4m8r0qD+BSDUqmutPyGQCHifzMpMzdvZwROdEdL78IuZItntFWgPXHQ==",
      "requires": {
        "@types/prop-types": "*",
        "csstype": "^2.2.0"
      }
    },
    "@types/react-burger-menu": {
      "version": "2.6.1",
      "resolved": "https://registry.npmjs.org/@types/react-burger-menu/-/react-burger-menu-2.6.1.tgz",
      "integrity": "sha512-uWY/xQ4WzdMk0oN3/KmtQ7MWLcdLsymFjSIG5awHMju2vIS0V6C4vqwVCmULz9UlVKpmH1TP6si0E75GY9Sc9w==",
      "requires": {
        "@types/react": "*"
      }
    },
    "@types/react-modal": {
      "version": "3.10.5",
      "resolved": "https://registry.npmjs.org/@types/react-modal/-/react-modal-3.10.5.tgz",
      "integrity": "sha512-iLL9afYbcgYlboW2J8mFNKH2tFgErIHR0q+JgHotKrFK99+d97v+V/dxL5LVoxt1OjlnWsuwj8sZuBMVsI1MtQ==",
      "dev": true,
      "requires": {
        "@types/react": "*"
      }
    },
    "@xobotyi/scrollbar-width": {
      "version": "1.9.5",
      "resolved": "https://registry.npmjs.org/@xobotyi/scrollbar-width/-/scrollbar-width-1.9.5.tgz",
      "integrity": "sha512-N8tkAACJx2ww8vFMneJmaAgmjAG1tnVBZJRLRcx061tmsLRZHSEZSLuGWnwPtunsSLvSqXQ2wfp7Mgqg1I+2dQ=="
    },
    "amdefine": {
      "version": "1.0.1",
      "resolved": "https://registry.npmjs.org/amdefine/-/amdefine-1.0.1.tgz",
      "integrity": "sha1-SlKCrBZHKek2Gbz9OtFR+BfOkfU=",
      "optional": true
    },
    "ast-transform": {
      "version": "0.0.0",
      "resolved": "https://registry.npmjs.org/ast-transform/-/ast-transform-0.0.0.tgz",
      "integrity": "sha1-dJRAWIh9goPhidlUYAlHvJj+AGI=",
      "requires": {
        "escodegen": "~1.2.0",
        "esprima": "~1.0.4",
        "through": "~2.3.4"
      }
    },
    "ast-types": {
      "version": "0.7.8",
      "resolved": "https://registry.npmjs.org/ast-types/-/ast-types-0.7.8.tgz",
      "integrity": "sha1-kC0uDWDQcb3NRtwRXhgJ7RHBOKk="
    },
    "bowser": {
      "version": "1.9.4",
      "resolved": "https://registry.npmjs.org/bowser/-/bowser-1.9.4.tgz",
      "integrity": "sha512-9IdMmj2KjigRq6oWhmwv1W36pDuA4STQZ8q6YO9um+x07xgYNCD3Oou+WP/3L1HNz7iqythGet3/p4wvc8AAwQ=="
    },
    "browser-resolve": {
      "version": "1.11.3",
      "resolved": "https://registry.npmjs.org/browser-resolve/-/browser-resolve-1.11.3.tgz",
      "integrity": "sha512-exDi1BYWB/6raKHmDTCicQfTkqwN5fioMFV4j8BsfMU4R2DK/QfZfK7kOVkmWCNANf0snkBzqGqAJBao9gZMdQ==",
      "requires": {
        "resolve": "1.1.7"
      },
      "dependencies": {
        "resolve": {
          "version": "1.1.7",
          "resolved": "https://registry.npmjs.org/resolve/-/resolve-1.1.7.tgz",
          "integrity": "sha1-IDEU2CrSxe2ejgQRs5ModeiJ6Xs="
        }
      }
    },
    "browserify-optional": {
      "version": "1.0.1",
      "resolved": "https://registry.npmjs.org/browserify-optional/-/browserify-optional-1.0.1.tgz",
      "integrity": "sha1-HhNyLP3g2F8SFnbCpyztUzoBiGk=",
      "requires": {
        "ast-transform": "0.0.0",
        "ast-types": "^0.7.0",
        "browser-resolve": "^1.8.1"
      }
    },
    "busboy": {
      "version": "1.6.0",
      "resolved": "https://registry.npmjs.org/busboy/-/busboy-1.6.0.tgz",
      "integrity": "sha512-8SFQbg/0hQ9xy3UNTB0YEnsNBbWfhf7RtnzpL7TkBiTBRfrQ9Fxcnz7VJsleJpyp6rVLvXiuORqjlHi5q+PYuA==",
      "requires": {
        "streamsearch": "^1.1.0"
      }
    },
    "caniuse-lite": {
      "version": "1.0.30001543",
      "resolved": "https://registry.npmjs.org/caniuse-lite/-/caniuse-lite-1.0.30001543.tgz",
      "integrity": "sha512-qxdO8KPWPQ+Zk6bvNpPeQIOH47qZSYdFZd6dXQzb2KzhnSXju4Kd7H1PkSJx6NICSMgo/IhRZRhhfPTHYpJUCA=="
    },
    "classnames": {
      "version": "2.2.6",
      "resolved": "https://registry.npmjs.org/classnames/-/classnames-2.2.6.tgz",
      "integrity": "sha512-JR/iSQOSt+LQIWwrwEzJ9uk0xfN3mTVYMwt1Ir5mUcSN6pU+V4zQFFaJsclJbPuAUQH+yfWef6tm7l1quW3C8Q=="
    },
    "client-only": {
      "version": "0.0.1",
      "resolved": "https://registry.npmjs.org/client-only/-/client-only-0.0.1.tgz",
      "integrity": "sha512-IV3Ou0jSMzZrd3pZ48nLkT9DA7Ag1pnPzaiQhpW7c3RbcqqzvzzVu+L8gfqMp/8IM2MQtSiqaCxrrcfu8I8rMA=="
    },
    "copy-to-clipboard": {
      "version": "3.3.1",
      "resolved": "https://registry.npmjs.org/copy-to-clipboard/-/copy-to-clipboard-3.3.1.tgz",
      "integrity": "sha512-i13qo6kIHTTpCm8/Wup+0b1mVWETvu2kIMzKoK8FpkLkFxlt0znUAHcMzox+T8sPlqtZXq3CulEjQHsYiGFJUw==",
      "requires": {
        "toggle-selection": "^1.0.6"
      }
    },
    "css-in-js-utils": {
      "version": "2.0.1",
      "resolved": "https://registry.npmjs.org/css-in-js-utils/-/css-in-js-utils-2.0.1.tgz",
      "integrity": "sha512-PJF0SpJT+WdbVVt0AOYp9C8GnuruRlL/UFW7932nLWmFLQTaWEzTBQEx7/hn4BuV+WON75iAViSUJLiU3PKbpA==",
      "requires": {
        "hyphenate-style-name": "^1.0.2",
        "isobject": "^3.0.1"
      }
    },
    "css-tree": {
      "version": "1.0.0-alpha.39",
      "resolved": "https://registry.npmjs.org/css-tree/-/css-tree-1.0.0-alpha.39.tgz",
      "integrity": "sha512-7UvkEYgBAHRG9Nt980lYxjsTrCyHFN53ky3wVsDkiMdVqylqRt+Zc+jm5qw7/qyOvN2dHSYtX0e4MbCCExSvnA==",
      "requires": {
        "mdn-data": "2.0.6",
        "source-map": "^0.6.1"
      }
    },
    "csstype": {
      "version": "2.6.10",
      "resolved": "https://registry.npmjs.org/csstype/-/csstype-2.6.10.tgz",
      "integrity": "sha512-D34BqZU4cIlMCY93rZHbrq9pjTAQJ3U8S8rfBqjwHxkGPThWFjzZDQpgMJY0QViLxth6ZKYiwFBo14RdN44U/w=="
    },
    "d3-color": {
      "version": "3.1.0",
      "resolved": "https://registry.npmjs.org/d3-color/-/d3-color-3.1.0.tgz",
      "integrity": "sha512-zg/chbXyeBtMQ1LbD/WSoW2DpC3I0mpmPdW+ynRTj/x2DAWYrIY7qeZIHidozwV24m4iavr15lNwIwLxRmOxhA=="
    },
    "d3-interpolate": {
      "version": "3.0.1",
      "resolved": "https://registry.npmjs.org/d3-interpolate/-/d3-interpolate-3.0.1.tgz",
      "integrity": "sha512-3bYs1rOD33uo8aqJfKP3JWPAibgw8Zm2+L9vBKEHJ2Rg+viTR7o5Mmv5mZcieN+FRYaAOWX5SJATX6k1PWz72g==",
      "requires": {
        "d3-color": "1 - 3"
      }
    },
    "d3-path": {
      "version": "1.0.9",
      "resolved": "https://registry.npmjs.org/d3-path/-/d3-path-1.0.9.tgz",
      "integrity": "sha512-VLaYcn81dtHVTjEHd8B+pbe9yHWpXKZUC87PzoFmsFrJqgFwDe/qxfp5MlfsfM1V5E/iVt0MmEbWQ7FVIXh/bg=="
    },
    "d3-selection": {
      "version": "1.4.1",
      "resolved": "https://registry.npmjs.org/d3-selection/-/d3-selection-1.4.1.tgz",
      "integrity": "sha512-BTIbRjv/m5rcVTfBs4AMBLKs4x8XaaLkwm28KWu9S2vKNqXkXt2AH2Qf0sdPZHjFxcWg/YL53zcqAz+3g4/7PA=="
    },
    "d3-shape": {
      "version": "1.3.7",
      "resolved": "https://registry.npmjs.org/d3-shape/-/d3-shape-1.3.7.tgz",
      "integrity": "sha512-EUkvKjqPFUAZyOlhY5gzCxCeI0Aep04LwIRpsZ/mLFelJiUfnK56jo5JMDSE7yyP2kLSb6LtF+S5chMk7uqPqw==",
      "requires": {
        "d3-path": "1"
      }
    },
    "error-stack-parser": {
      "version": "2.0.6",
      "resolved": "https://registry.npmjs.org/error-stack-parser/-/error-stack-parser-2.0.6.tgz",
      "integrity": "sha512-d51brTeqC+BHlwF0BhPtcYgF5nlzf9ZZ0ZIUQNZpc9ZB9qw5IJ2diTrBY9jlCJkTLITYPjmiX6OWCwH+fuyNgQ==",
      "requires": {
        "stackframe": "^1.1.1"
      }
    },
    "escodegen": {
      "version": "1.2.0",
      "resolved": "https://registry.npmjs.org/escodegen/-/escodegen-1.2.0.tgz",
      "integrity": "sha1-Cd55Z3kcyVi3+Jot220jRRrzJ+E=",
      "requires": {
        "esprima": "~1.0.4",
        "estraverse": "~1.5.0",
        "esutils": "~1.0.0",
        "source-map": "~0.1.30"
      },
      "dependencies": {
        "estraverse": {
          "version": "1.5.1",
          "resolved": "https://registry.npmjs.org/estraverse/-/estraverse-1.5.1.tgz",
          "integrity": "sha1-hno+jlip+EYYr7bC3bzZFrfLr3E="
        },
        "esutils": {
          "version": "1.0.0",
          "resolved": "https://registry.npmjs.org/esutils/-/esutils-1.0.0.tgz",
          "integrity": "sha1-gVHTWOIMisx/t0XnRywAJf5JZXA="
        },
        "source-map": {
          "version": "0.1.43",
          "resolved": "https://registry.npmjs.org/source-map/-/source-map-0.1.43.tgz",
          "integrity": "sha1-wkvBRspRfBRx9drL4lcbK3+eM0Y=",
          "optional": true,
          "requires": {
            "amdefine": ">=0.0.4"
          }
        }
      }
    },
    "esprima": {
      "version": "1.0.4",
      "resolved": "https://registry.npmjs.org/esprima/-/esprima-1.0.4.tgz",
      "integrity": "sha1-n1V+CPw7TSbs6d00+Pv0drYlha0="
    },
    "eve": {
      "version": "0.5.4",
      "resolved": "https://registry.npmjs.org/eve/-/eve-0.5.4.tgz",
      "integrity": "sha1-Z9CAuXJSkdfjieNMJoYN2X8d66o="
    },
    "exenv": {
      "version": "1.2.2",
      "resolved": "https://registry.npmjs.org/exenv/-/exenv-1.2.2.tgz",
      "integrity": "sha1-KueOhdmJQVhnCwPUe+wfA72Ru50="
    },
    "fast-deep-equal": {
      "version": "3.1.1",
      "resolved": "https://registry.npmjs.org/fast-deep-equal/-/fast-deep-equal-3.1.1.tgz",
      "integrity": "sha512-8UEa58QDLauDNfpbrX55Q9jrGHThw2ZMdOky5Gl1CDtVeJDPVrG4Jxx1N8jw2gkWaff5UUuX1KJd+9zGe2B+ZA=="
    },
    "fast-shallow-equal": {
      "version": "1.0.0",
      "resolved": "https://registry.npmjs.org/fast-shallow-equal/-/fast-shallow-equal-1.0.0.tgz",
      "integrity": "sha512-HPtaa38cPgWvaCFmRNhlc6NG7pv6NUHqjPgVAkWGoB9mQMwYB27/K0CvOM5Czy+qpT3e8XJ6Q4aPAnzpNpzNaw=="
    },
    "fastest-stable-stringify": {
      "version": "1.0.1",
      "resolved": "https://registry.npmjs.org/fastest-stable-stringify/-/fastest-stable-stringify-1.0.1.tgz",
      "integrity": "sha1-kSLUBtTJ2YvqZEpraFPVh0uHsCg="
    },
    "glob-to-regexp": {
      "version": "0.4.1",
      "resolved": "https://registry.npmjs.org/glob-to-regexp/-/glob-to-regexp-0.4.1.tgz",
      "integrity": "sha512-lkX1HJXwyMcprw/5YUZc2s7DrpAiHB21/V+E1rHUrVNokkvB6bqMzT0VfV6/86ZNabt1k14YOIaT7nDvOX3Iiw=="
    },
    "graceful-fs": {
      "version": "4.2.11",
      "resolved": "https://registry.npmjs.org/graceful-fs/-/graceful-fs-4.2.11.tgz",
      "integrity": "sha512-RbJ5/jmFcNNCcDV5o9eTnBLJ/HszWV0P73bc+Ff4nS/rJj+YaS6IGyiOL0VoBYX+l1Wrl3k63h/KrH+nhJ0XvQ=="
    },
    "hyphenate-style-name": {
      "version": "1.0.3",
      "resolved": "https://registry.npmjs.org/hyphenate-style-name/-/hyphenate-style-name-1.0.3.tgz",
      "integrity": "sha512-EcuixamT82oplpoJ2XU4pDtKGWQ7b00CD9f1ug9IaQ3p1bkHMiKCZ9ut9QDI6qsa6cpUuB+A/I+zLtdNK4n2DQ=="
    },
    "inline-style-prefixer": {
      "version": "4.0.2",
      "resolved": "https://registry.npmjs.org/inline-style-prefixer/-/inline-style-prefixer-4.0.2.tgz",
      "integrity": "sha512-N8nVhwfYga9MiV9jWlwfdj1UDIaZlBFu4cJSJkIr7tZX7sHpHhGR5su1qdpW+7KPL8ISTvCIkcaFi/JdBknvPg==",
      "requires": {
        "bowser": "^1.7.3",
        "css-in-js-utils": "^2.0.0"
      }
    },
    "isobject": {
      "version": "3.0.1",
      "resolved": "https://registry.npmjs.org/isobject/-/isobject-3.0.1.tgz",
      "integrity": "sha1-TkMekrEalzFjaqH5yNHMvP2reN8="
    },
    "js-cookie": {
      "version": "2.2.1",
      "resolved": "https://registry.npmjs.org/js-cookie/-/js-cookie-2.2.1.tgz",
      "integrity": "sha512-HvdH2LzI/EAZcUwA8+0nKNtWHqS+ZmijLA30RwZA0bo7ToCckjK5MkGhjED9KoRcXO6BaGI3I9UIzSA1FKFPOQ=="
    },
    "js-tokens": {
      "version": "4.0.0",
      "resolved": "https://registry.npmjs.org/js-tokens/-/js-tokens-4.0.0.tgz",
      "integrity": "sha512-RdJUflcE3cUzKiMqQgsCu06FPu9UdIJO0beYbPhHN4k6apgJtifcoCtT9bcxOpYBtpD2kCM6Sbzg4CausW/PKQ=="
    },
    "loose-envify": {
      "version": "1.4.0",
      "resolved": "https://registry.npmjs.org/loose-envify/-/loose-envify-1.4.0.tgz",
      "integrity": "sha512-lyuxPGr/Wfhrlem2CL/UcnUc1zcqKAImBDzukY7Y5F/yQiNdko6+fRLevlw1HgMySw7f611UIY408EtxRSoK3Q==",
      "requires": {
        "js-tokens": "^3.0.0 || ^4.0.0"
      }
    },
    "mdn-data": {
      "version": "2.0.6",
      "resolved": "https://registry.npmjs.org/mdn-data/-/mdn-data-2.0.6.tgz",
      "integrity": "sha512-rQvjv71olwNHgiTbfPZFkJtjNMciWgswYeciZhtvWLO8bmX3TnhyA62I6sTWOyZssWHJJjY6/KiWwqQsWWsqOA=="
    },
    "nano-css": {
      "version": "5.3.0",
      "resolved": "https://registry.npmjs.org/nano-css/-/nano-css-5.3.0.tgz",
      "integrity": "sha512-uM/9NGK9/E9/sTpbIZ/bQ9xOLOIHZwrrb/CRlbDHBU/GFS7Gshl24v/WJhwsVViWkpOXUmiZ66XO7fSB4Wd92Q==",
      "requires": {
        "css-tree": "^1.0.0-alpha.28",
        "csstype": "^2.5.5",
        "fastest-stable-stringify": "^1.0.1",
        "inline-style-prefixer": "^4.0.0",
        "rtl-css-js": "^1.9.0",
        "sourcemap-codec": "^1.4.1",
        "stacktrace-js": "^2.0.0",
        "stylis": "3.5.0"
      },
      "dependencies": {
        "stylis": {
          "version": "3.5.0",
          "resolved": "https://registry.npmjs.org/stylis/-/stylis-3.5.0.tgz",
          "integrity": "sha512-pP7yXN6dwMzAR29Q0mBrabPCe0/mNO1MSr93bhay+hcZondvMMTpeGyd8nbhYJdyperNT2DRxONQuUGcJr5iPw=="
        }
      }
    },
    "nanoid": {
      "version": "3.3.6",
      "resolved": "https://registry.npmjs.org/nanoid/-/nanoid-3.3.6.tgz",
      "integrity": "sha512-BGcqMMJuToF7i1rt+2PWSNVnWIkGCU78jBG3RxO/bZlnZPK2Cmi2QaffxGO/2RvWi9sL+FAiRiXMgsyxQ1DIDA=="
    },
    "next": {
      "version": "13.5.4",
      "resolved": "https://registry.npmjs.org/next/-/next-13.5.4.tgz",
      "integrity": "sha512-+93un5S779gho8y9ASQhb/bTkQF17FNQOtXLKAj3lsNgltEcF0C5PMLLncDmH+8X1EnJH1kbqAERa29nRXqhjA==",
      "requires": {
        "@next/env": "13.5.4",
        "@next/swc-darwin-arm64": "13.5.4",
        "@next/swc-darwin-x64": "13.5.4",
        "@next/swc-linux-arm64-gnu": "13.5.4",
        "@next/swc-linux-arm64-musl": "13.5.4",
        "@next/swc-linux-x64-gnu": "13.5.4",
        "@next/swc-linux-x64-musl": "13.5.4",
        "@next/swc-win32-arm64-msvc": "13.5.4",
        "@next/swc-win32-ia32-msvc": "13.5.4",
        "@next/swc-win32-x64-msvc": "13.5.4",
        "@swc/helpers": "0.5.2",
        "busboy": "1.6.0",
        "caniuse-lite": "^1.0.30001406",
        "postcss": "8.4.31",
        "styled-jsx": "5.1.1",
        "watchpack": "2.4.0"
      }
    },
    "object-assign": {
      "version": "4.1.1",
      "resolved": "https://registry.npmjs.org/object-assign/-/object-assign-4.1.1.tgz",
      "integrity": "sha1-IQmtx5ZYh8/AXLvUQsrIv7s2CGM="
    },
    "picocolors": {
      "version": "1.0.0",
      "resolved": "https://registry.npmjs.org/picocolors/-/picocolors-1.0.0.tgz",
      "integrity": "sha512-1fygroTLlHu66zi26VoTDv8yRgm0Fccecssto+MhsZ0D/DGW2sm8E8AjW7NU5VVTRt5GxbeZ5qBuJr+HyLYkjQ=="
    },
    "postcss": {
      "version": "8.4.31",
      "resolved": "https://registry.npmjs.org/postcss/-/postcss-8.4.31.tgz",
      "integrity": "sha512-PS08Iboia9mts/2ygV3eLpY5ghnUcfLV/EXTOW1E2qYxJKGGBUtNjN76FYHnMs36RmARn41bC0AZmn+rR0OVpQ==",
      "requires": {
        "nanoid": "^3.3.6",
        "picocolors": "^1.0.0",
        "source-map-js": "^1.0.2"
      }
    },
    "prop-types": {
      "version": "15.7.2",
      "resolved": "https://registry.npmjs.org/prop-types/-/prop-types-15.7.2.tgz",
      "integrity": "sha512-8QQikdH7//R2vurIJSutZ1smHYTcLpRWEOlHnzcWHmBYrOGUysKwSsrC89BCiFj3CbrfJ/nXFdJepOVrY1GCHQ==",
      "requires": {
        "loose-envify": "^1.4.0",
        "object-assign": "^4.1.1",
        "react-is": "^16.8.1"
      }
    },
    "react": {
      "version": "16.13.1",
      "resolved": "https://registry.npmjs.org/react/-/react-16.13.1.tgz",
      "integrity": "sha512-YMZQQq32xHLX0bz5Mnibv1/LHb3Sqzngu7xstSM+vrkE5Kzr9xE0yMByK5kMoTK30YVJE61WfbxIFFvfeDKT1w==",
      "requires": {
        "loose-envify": "^1.1.0",
        "object-assign": "^4.1.1",
        "prop-types": "^15.6.2"
      }
    },
    "react-burger-menu": {
      "version": "2.6.13",
      "resolved": "https://registry.npmjs.org/react-burger-menu/-/react-burger-menu-2.6.13.tgz",
      "integrity": "sha512-tloQs8F2+YHR/FYfQpu4z+OQzgGHzUZYZXBxGmb6/6eckjQ1GvzeNpHp4IZigpe0ovamg1HgDRK3qNlOPezjlA==",
      "requires": {
        "browserify-optional": "^1.0.0",
        "classnames": "^2.2.6",
        "eve": "~0.5.1",
        "prop-types": "^15.7.2",
        "snapsvg-cjs": "0.0.6"
      }
    },
    "react-dom": {
      "version": "16.13.1",
      "resolved": "https://registry.npmjs.org/react-dom/-/react-dom-16.13.1.tgz",
      "integrity": "sha512-81PIMmVLnCNLO/fFOQxdQkvEq/+Hfpv24XNJfpyZhTRfO0QcmQIF/PgCa1zCOj2w1hrn12MFLyaJ/G0+Mxtfag==",
      "requires": {
        "loose-envify": "^1.1.0",
        "object-assign": "^4.1.1",
        "prop-types": "^15.6.2",
        "scheduler": "^0.19.1"
      }
    },
    "react-hook-form": {
      "version": "5.6.0",
      "resolved": "https://registry.npmjs.org/react-hook-form/-/react-hook-form-5.6.0.tgz",
      "integrity": "sha512-/WGDFdrkooe71SKV1IB5bRRWmPHohQW2GfEYivc1mRGEuTIKIzNeAeSLZzTUzAXMVXcoCk2147mb15QwkoyIng=="
    },
    "react-is": {
      "version": "16.8.6",
      "resolved": "https://registry.npmjs.org/react-is/-/react-is-16.8.6.tgz",
      "integrity": "sha512-aUk3bHfZ2bRSVFFbbeVS4i+lNPZr3/WM5jT2J5omUVV1zzcs1nAaf3l51ctA5FFvCRbhrH0bdAsRRQddFJZPtA=="
    },
    "react-lifecycles-compat": {
      "version": "3.0.4",
      "resolved": "https://registry.npmjs.org/react-lifecycles-compat/-/react-lifecycles-compat-3.0.4.tgz",
      "integrity": "sha512-fBASbA6LnOU9dOU2eW7aQ8xmYBSXUIWr+UmF9b1efZBazGNO+rcXT/icdKnYm2pTwcRylVUYwW7H1PHfLekVzA=="
    },
    "react-modal": {
      "version": "3.11.2",
      "resolved": "https://registry.npmjs.org/react-modal/-/react-modal-3.11.2.tgz",
      "integrity": "sha512-o8gvvCOFaG1T7W6JUvsYjRjMVToLZgLIsi5kdhFIQCtHxDkA47LznX62j+l6YQkpXDbvQegsDyxe/+JJsFQN7w==",
      "requires": {
        "exenv": "^1.2.0",
        "prop-types": "^15.5.10",
        "react-lifecycles-compat": "^3.0.0",
        "warning": "^4.0.3"
      }
    },
    "react-scroll-parallax": {
      "version": "2.3.2",
      "resolved": "https://registry.npmjs.org/react-scroll-parallax/-/react-scroll-parallax-2.3.2.tgz",
      "integrity": "sha512-Ol9l1vboFAtQf9dyUiSefSipqbNRuFCkS0pSo74LkEKY1QId6nlPPc4PuhbHrvejcdUqn3E6eY+06LYsKUwFgQ==",
      "requires": {
        "prop-types": "^15.5.10"
      }
    },
    "react-use": {
      "version": "14.1.1",
      "resolved": "https://registry.npmjs.org/react-use/-/react-use-14.1.1.tgz",
      "integrity": "sha512-3BVJJg+OrbgWG3aiyVhCgJuhx91T7juIr75QvFlMS+pesRZUd+PQNqoDhI+9pXwrc9FjCptvTHzl/YFpul3HHA==",
      "requires": {
        "@types/js-cookie": "2.2.6",
        "@xobotyi/scrollbar-width": "1.9.5",
        "copy-to-clipboard": "^3.2.0",
        "fast-deep-equal": "^3.1.1",
        "fast-shallow-equal": "^1.0.0",
        "js-cookie": "^2.2.1",
        "nano-css": "^5.2.1",
        "resize-observer-polyfill": "^1.5.1",
        "screenfull": "^5.0.0",
        "set-harmonic-interval": "^1.0.1",
        "throttle-debounce": "^2.1.0",
        "ts-easing": "^0.2.0",
        "tslib": "^1.10.0"
      }
    },
    "regenerator-runtime": {
      "version": "0.13.5",
      "resolved": "https://registry.npmjs.org/regenerator-runtime/-/regenerator-runtime-0.13.5.tgz",
      "integrity": "sha512-ZS5w8CpKFinUzOwW3c83oPeVXoNsrLsaCoLtJvAClH135j/R77RuymhiSErhm2lKcwSCIpmvIWSbDkIfAqKQlA=="
    },
    "resize-observer-polyfill": {
      "version": "1.5.1",
      "resolved": "https://registry.npmjs.org/resize-observer-polyfill/-/resize-observer-polyfill-1.5.1.tgz",
      "integrity": "sha512-LwZrotdHOo12nQuZlHEmtuXdqGoOD0OhaxopaNFxWzInpEgaLWoVuAMbTzixuosCx2nEG58ngzW3vxdWoxIgdg=="
    },
    "rtl-css-js": {
      "version": "1.14.0",
      "resolved": "https://registry.npmjs.org/rtl-css-js/-/rtl-css-js-1.14.0.tgz",
      "integrity": "sha512-Dl5xDTeN3e7scU1cWX8c9b6/Nqz3u/HgR4gePc1kWXYiQWVQbKCEyK6+Hxve9LbcJ5EieHy1J9nJCN3grTtGwg==",
      "requires": {
        "@babel/runtime": "^7.1.2"
      }
    },
    "scheduler": {
      "version": "0.19.1",
      "resolved": "https://registry.npmjs.org/scheduler/-/scheduler-0.19.1.tgz",
      "integrity": "sha512-n/zwRWRYSUj0/3g/otKDRPMh6qv2SYMWNq85IEa8iZyAv8od9zDYpGSnpBEjNgcMNq6Scbu5KfIPxNF72R/2EA==",
      "requires": {
        "loose-envify": "^1.1.0",
        "object-assign": "^4.1.1"
      }
    },
    "screenfull": {
      "version": "5.0.2",
      "resolved": "https://registry.npmjs.org/screenfull/-/screenfull-5.0.2.tgz",
      "integrity": "sha512-cCF2b+L/mnEiORLN5xSAz6H3t18i2oHh9BA8+CQlAh5DRw2+NFAGQJOSYbcGw8B2k04g/lVvFcfZ83b3ysH5UQ=="
    },
    "set-harmonic-interval": {
      "version": "1.0.1",
      "resolved": "https://registry.npmjs.org/set-harmonic-interval/-/set-harmonic-interval-1.0.1.tgz",
      "integrity": "sha512-AhICkFV84tBP1aWqPwLZqFvAwqEoVA9kxNMniGEUvzOlm4vLmOFLiTT3UZ6bziJTy4bOVpzWGTfSCbmaayGx8g=="
    },
    "snapsvg": {
      "version": "0.5.1",
      "resolved": "https://registry.npmjs.org/snapsvg/-/snapsvg-0.5.1.tgz",
      "integrity": "sha1-DK9Sx5GJopB0b8RGzF6GP2vd3+M=",
      "requires": {
        "eve": "~0.5.1"
      }
    },
    "snapsvg-cjs": {
      "version": "0.0.6",
      "resolved": "https://registry.npmjs.org/snapsvg-cjs/-/snapsvg-cjs-0.0.6.tgz",
      "integrity": "sha1-Oy9WryVz09Nkw+1b+IhXRfTS3eE=",
      "requires": {
        "snapsvg": "0.5.1"
      }
    },
    "source-map": {
      "version": "0.6.1",
      "resolved": "https://registry.npmjs.org/source-map/-/source-map-0.6.1.tgz",
      "integrity": "sha512-UjgapumWlbMhkBgzT7Ykc5YXUT46F0iKu8SGXq0bcwP5dz/h0Plj6enJqjz1Zbq2l5WaqYnrVbwWOWMyF3F47g=="
    },
    "source-map-js": {
      "version": "1.0.2",
      "resolved": "https://registry.npmjs.org/source-map-js/-/source-map-js-1.0.2.tgz",
      "integrity": "sha512-R0XvVJ9WusLiqTCEiGCmICCMplcCkIwwR11mOSD9CR5u+IXYdiseeEuXCVAjS54zqwkLcPNnmU4OeJ6tUrWhDw=="
    },
    "sourcemap-codec": {
      "version": "1.4.8",
      "resolved": "https://registry.npmjs.org/sourcemap-codec/-/sourcemap-codec-1.4.8.tgz",
      "integrity": "sha512-9NykojV5Uih4lgo5So5dtw+f0JgJX30KCNI8gwhz2J9A15wD0Ml6tjHKwf6fTSa6fAdVBdZeNOs9eJ71qCk8vA=="
    },
    "stack-generator": {
      "version": "2.0.5",
      "resolved": "https://registry.npmjs.org/stack-generator/-/stack-generator-2.0.5.tgz",
      "integrity": "sha512-/t1ebrbHkrLrDuNMdeAcsvynWgoH/i4o8EGGfX7dEYDoTXOYVAkEpFdtshlvabzc6JlJ8Kf9YdFEoz7JkzGN9Q==",
      "requires": {
        "stackframe": "^1.1.1"
      }
    },
    "stackframe": {
      "version": "1.1.1",
      "resolved": "https://registry.npmjs.org/stackframe/-/stackframe-1.1.1.tgz",
      "integrity": "sha512-0PlYhdKh6AfFxRyK/v+6/k+/mMfyiEBbTM5L94D0ZytQnJ166wuwoTYLHFWGbs2dpA8Rgq763KGWmN1EQEYHRQ=="
    },
    "stacktrace-gps": {
      "version": "3.0.4",
      "resolved": "https://registry.npmjs.org/stacktrace-gps/-/stacktrace-gps-3.0.4.tgz",
      "integrity": "sha512-qIr8x41yZVSldqdqe6jciXEaSCKw1U8XTXpjDuy0ki/apyTn/r3w9hDAAQOhZdxvsC93H+WwwEu5cq5VemzYeg==",
      "requires": {
        "source-map": "0.5.6",
        "stackframe": "^1.1.1"
      },
      "dependencies": {
        "source-map": {
          "version": "0.5.6",
          "resolved": "https://registry.npmjs.org/source-map/-/source-map-0.5.6.tgz",
          "integrity": "sha1-dc449SvwczxafwwRjYEzSiu19BI="
        }
      }
    },
    "stacktrace-js": {
      "version": "2.0.2",
      "resolved": "https://registry.npmjs.org/stacktrace-js/-/stacktrace-js-2.0.2.tgz",
      "integrity": "sha512-Je5vBeY4S1r/RnLydLl0TBTi3F2qdfWmYsGvtfZgEI+SCprPppaIhQf5nGcal4gI4cGpCV/duLcAzT1np6sQqg==",
      "requires": {
        "error-stack-parser": "^2.0.6",
        "stack-generator": "^2.0.5",
        "stacktrace-gps": "^3.0.4"
      }
    },
    "streamsearch": {
      "version": "1.1.0",
      "resolved": "https://registry.npmjs.org/streamsearch/-/streamsearch-1.1.0.tgz",
      "integrity": "sha512-Mcc5wHehp9aXz1ax6bZUyY5afg9u2rv5cqQI3mRrYkGC8rW2hM02jWuwjtL++LS5qinSyhj2QfLyNsuc+VsExg=="
    },
    "styled-jsx": {
      "version": "5.1.1",
      "resolved": "https://registry.npmjs.org/styled-jsx/-/styled-jsx-5.1.1.tgz",
      "integrity": "sha512-pW7uC1l4mBZ8ugbiZrcIsiIvVx1UmTfw7UkC3Um2tmfUq9Bhk8IiyEIPl6F8agHgjzku6j0xQEZbfA5uSgSaCw==",
      "requires": {
        "client-only": "0.0.1"
      }
    },
    "throttle-debounce": {
      "version": "2.1.0",
      "resolved": "https://registry.npmjs.org/throttle-debounce/-/throttle-debounce-2.1.0.tgz",
      "integrity": "sha512-AOvyNahXQuU7NN+VVvOOX+uW6FPaWdAOdRP5HfwYxAfCzXTFKRMoIMk+n+po318+ktcChx+F1Dd91G3YHeMKyg=="
    },
    "through": {
      "version": "2.3.8",
      "resolved": "https://registry.npmjs.org/through/-/through-2.3.8.tgz",
      "integrity": "sha1-DdTJ/6q8NXlgsbckEV1+Doai4fU="
    },
    "toggle-selection": {
      "version": "1.0.6",
      "resolved": "https://registry.npmjs.org/toggle-selection/-/toggle-selection-1.0.6.tgz",
      "integrity": "sha1-bkWxJj8gF/oKzH2J14sVuL932jI="
    },
    "ts-easing": {
      "version": "0.2.0",
      "resolved": "https://registry.npmjs.org/ts-easing/-/ts-easing-0.2.0.tgz",
      "integrity": "sha512-Z86EW+fFFh/IFB1fqQ3/+7Zpf9t2ebOAxNI/V6Wo7r5gqiqtxmgTlQ1qbqQcjLKYeSHPTsEmvlJUDg/EuL0uHQ=="
    },
    "tslib": {
      "version": "1.11.1",
      "resolved": "https://registry.npmjs.org/tslib/-/tslib-1.11.1.tgz",
      "integrity": "sha512-aZW88SY8kQbU7gpV19lN24LtXh/yD4ZZg6qieAJDDg+YBsJcSmLGK9QpnUjAKVG/xefmvJGd1WUmfpT/g6AJGA=="
    },
    "typescript": {
      "version": "3.8.3",
      "resolved": "https://registry.npmjs.org/typescript/-/typescript-3.8.3.tgz",
      "integrity": "sha512-MYlEfn5VrLNsgudQTVJeNaQFUAI7DkhnOjdpAp4T+ku1TfQClewlbSuTVHiA+8skNBgaf02TL/kLOvig4y3G8w==",
      "dev": true
    },
    "warning": {
      "version": "4.0.3",
      "resolved": "https://registry.npmjs.org/warning/-/warning-4.0.3.tgz",
      "integrity": "sha512-rpJyN222KWIvHJ/F53XSZv0Zl/accqHR8et1kpaMTD/fLCRxtV8iX8czMzY7sVZupTI3zcUTg8eycS2kNF9l6w==",
      "requires": {
        "loose-envify": "^1.0.0"
      }
    },
    "watchpack": {
      "version": "2.4.0",
      "resolved": "https://registry.npmjs.org/watchpack/-/watchpack-2.4.0.tgz",
      "integrity": "sha512-Lcvm7MGST/4fup+ifyKi2hjyIAwcdI4HRgtvTpIUxBRhB+RFtUh8XtDOxUfctVCnhVi+QQj49i91OyvzkJl6cg==",
      "requires": {
        "glob-to-regexp": "^0.4.1",
        "graceful-fs": "^4.1.2"
      }
    }
  }
}
